// !$*UTF8*$!
{
	archiveVersion = 1;
	classes = {
	};
	objectVersion = 55;
	objects = {

/* Begin PBXBuildFile section */
		460126D727C5378600953846 /* RequestLocationNotifView.swift in Sources */ = {isa = PBXBuildFile; fileRef = 460126D627C5378600953846 /* RequestLocationNotifView.swift */; };
		460126D927C5386F00953846 /* Ramaraja-Regular.ttf in Resources */ = {isa = PBXBuildFile; fileRef = 460126D827C5386F00953846 /* Ramaraja-Regular.ttf */; };
		460126DB27C53D6B00953846 /* RequestPushNotifView.swift in Sources */ = {isa = PBXBuildFile; fileRef = 460126DA27C53D6B00953846 /* RequestPushNotifView.swift */; };
		460126E727C54ED000953846 /* GoogleService-Info.plist in Resources */ = {isa = PBXBuildFile; fileRef = 460126E627C54ECF00953846 /* GoogleService-Info.plist */; };
		D21146F627C2D7C500EDAD4D /* ResetPasswordView.swift in Sources */ = {isa = PBXBuildFile; fileRef = D21146F527C2D7C500EDAD4D /* ResetPasswordView.swift */; };
		D21146F827C2D7D200EDAD4D /* SignUpView.swift in Sources */ = {isa = PBXBuildFile; fileRef = D21146F727C2D7D200EDAD4D /* SignUpView.swift */; };
		D21146FA27C2F99A00EDAD4D /* HomePageView.swift in Sources */ = {isa = PBXBuildFile; fileRef = D21146F927C2F99A00EDAD4D /* HomePageView.swift */; };
		D24764A427BB47C10064F1FB /* FirebaseAnalytics in Frameworks */ = {isa = PBXBuildFile; productRef = D24764A327BB47C10064F1FB /* FirebaseAnalytics */; };
		D24764A627BB47C10064F1FB /* FirebaseAuth in Frameworks */ = {isa = PBXBuildFile; productRef = D24764A527BB47C10064F1FB /* FirebaseAuth */; };
		D25795C227B96A3E007806E6 /* VIPapplicationApp.swift in Sources */ = {isa = PBXBuildFile; fileRef = D25795C127B96A3E007806E6 /* VIPapplicationApp.swift */; };
		D25795C627B96A40007806E6 /* Assets.xcassets in Resources */ = {isa = PBXBuildFile; fileRef = D25795C527B96A40007806E6 /* Assets.xcassets */; };
		D25795C927B96A40007806E6 /* Preview Assets.xcassets in Resources */ = {isa = PBXBuildFile; fileRef = D25795C827B96A40007806E6 /* Preview Assets.xcassets */; };
		D25795D327B96A40007806E6 /* VIPapplicationTests.swift in Sources */ = {isa = PBXBuildFile; fileRef = D25795D227B96A40007806E6 /* VIPapplicationTests.swift */; };
		D25795DD27B96A40007806E6 /* VIPapplicationUITests.swift in Sources */ = {isa = PBXBuildFile; fileRef = D25795DC27B96A40007806E6 /* VIPapplicationUITests.swift */; };
		D25795DF27B96A41007806E6 /* VIPapplicationUITestsLaunchTests.swift in Sources */ = {isa = PBXBuildFile; fileRef = D25795DE27B96A41007806E6 /* VIPapplicationUITestsLaunchTests.swift */; };
		D25795F027B96FA6007806E6 /* MapboxMaps in Frameworks */ = {isa = PBXBuildFile; productRef = D25795EF27B96FA6007806E6 /* MapboxMaps */; };
		D25795F227B97020007806E6 /* MapBoxMapView.swift in Sources */ = {isa = PBXBuildFile; fileRef = D25795F127B97020007806E6 /* MapBoxMapView.swift */; };
		D25795F427B970B0007806E6 /* SetupView.swift in Sources */ = {isa = PBXBuildFile; fileRef = D25795F327B970B0007806E6 /* SetupView.swift */; };
		D25795F627B970F4007806E6 /* LoginPageView.swift in Sources */ = {isa = PBXBuildFile; fileRef = D25795F527B970F4007806E6 /* LoginPageView.swift */; };
		D281245527C419EA000C2BC3 /* PTMono-Regular.ttf in Resources */ = {isa = PBXBuildFile; fileRef = D281245427C419EA000C2BC3 /* PTMono-Regular.ttf */; };
/* End PBXBuildFile section */

/* Begin PBXContainerItemProxy section */
		D25795CF27B96A40007806E6 /* PBXContainerItemProxy */ = {
			isa = PBXContainerItemProxy;
			containerPortal = D25795B627B96A3E007806E6 /* Project object */;
			proxyType = 1;
			remoteGlobalIDString = D25795BD27B96A3E007806E6;
			remoteInfo = VIPapplication;
		};
		D25795D927B96A40007806E6 /* PBXContainerItemProxy */ = {
			isa = PBXContainerItemProxy;
			containerPortal = D25795B627B96A3E007806E6 /* Project object */;
			proxyType = 1;
			remoteGlobalIDString = D25795BD27B96A3E007806E6;
			remoteInfo = VIPapplication;
		};
/* End PBXContainerItemProxy section */

/* Begin PBXFileReference section */
		460126D627C5378600953846 /* RequestLocationNotifView.swift */ = {isa = PBXFileReference; lastKnownFileType = sourcecode.swift; path = RequestLocationNotifView.swift; sourceTree = "<group>"; };
		460126D827C5386F00953846 /* Ramaraja-Regular.ttf */ = {isa = PBXFileReference; lastKnownFileType = file; path = "Ramaraja-Regular.ttf"; sourceTree = "<group>"; };
		460126DA27C53D6B00953846 /* RequestPushNotifView.swift */ = {isa = PBXFileReference; lastKnownFileType = sourcecode.swift; path = RequestPushNotifView.swift; sourceTree = "<group>"; };
		460126E627C54ECF00953846 /* GoogleService-Info.plist */ = {isa = PBXFileReference; fileEncoding = 4; lastKnownFileType = text.plist.xml; path = "GoogleService-Info.plist"; sourceTree = "<group>"; };
		460126E827C54EDC00953846 /* Info.plist */ = {isa = PBXFileReference; fileEncoding = 4; lastKnownFileType = text.plist.xml; path = Info.plist; sourceTree = "<group>"; };
		D21146F527C2D7C500EDAD4D /* ResetPasswordView.swift */ = {isa = PBXFileReference; lastKnownFileType = sourcecode.swift; path = ResetPasswordView.swift; sourceTree = "<group>"; };
		D21146F727C2D7D200EDAD4D /* SignUpView.swift */ = {isa = PBXFileReference; lastKnownFileType = sourcecode.swift; path = SignUpView.swift; sourceTree = "<group>"; };
		D21146F927C2F99A00EDAD4D /* HomePageView.swift */ = {isa = PBXFileReference; lastKnownFileType = sourcecode.swift; path = HomePageView.swift; sourceTree = "<group>"; };
		D25795BE27B96A3E007806E6 /* VIPapplication.app */ = {isa = PBXFileReference; explicitFileType = wrapper.application; includeInIndex = 0; path = VIPapplication.app; sourceTree = BUILT_PRODUCTS_DIR; };
		D25795C127B96A3E007806E6 /* VIPapplicationApp.swift */ = {isa = PBXFileReference; lastKnownFileType = sourcecode.swift; path = VIPapplicationApp.swift; sourceTree = "<group>"; };
		D25795C527B96A40007806E6 /* Assets.xcassets */ = {isa = PBXFileReference; lastKnownFileType = folder.assetcatalog; path = Assets.xcassets; sourceTree = "<group>"; };
		D25795C827B96A40007806E6 /* Preview Assets.xcassets */ = {isa = PBXFileReference; lastKnownFileType = folder.assetcatalog; path = "Preview Assets.xcassets"; sourceTree = "<group>"; };
		D25795CE27B96A40007806E6 /* VIPapplicationTests.xctest */ = {isa = PBXFileReference; explicitFileType = wrapper.cfbundle; includeInIndex = 0; path = VIPapplicationTests.xctest; sourceTree = BUILT_PRODUCTS_DIR; };
		D25795D227B96A40007806E6 /* VIPapplicationTests.swift */ = {isa = PBXFileReference; lastKnownFileType = sourcecode.swift; path = VIPapplicationTests.swift; sourceTree = "<group>"; };
		D25795D827B96A40007806E6 /* VIPapplicationUITests.xctest */ = {isa = PBXFileReference; explicitFileType = wrapper.cfbundle; includeInIndex = 0; path = VIPapplicationUITests.xctest; sourceTree = BUILT_PRODUCTS_DIR; };
		D25795DC27B96A40007806E6 /* VIPapplicationUITests.swift */ = {isa = PBXFileReference; lastKnownFileType = sourcecode.swift; path = VIPapplicationUITests.swift; sourceTree = "<group>"; };
		D25795DE27B96A41007806E6 /* VIPapplicationUITestsLaunchTests.swift */ = {isa = PBXFileReference; lastKnownFileType = sourcecode.swift; path = VIPapplicationUITestsLaunchTests.swift; sourceTree = "<group>"; };
		D25795F127B97020007806E6 /* MapBoxMapView.swift */ = {isa = PBXFileReference; lastKnownFileType = sourcecode.swift; path = MapBoxMapView.swift; sourceTree = "<group>"; };
		D25795F327B970B0007806E6 /* SetupView.swift */ = {isa = PBXFileReference; lastKnownFileType = sourcecode.swift; path = SetupView.swift; sourceTree = "<group>"; };
		D25795F527B970F4007806E6 /* LoginPageView.swift */ = {isa = PBXFileReference; lastKnownFileType = sourcecode.swift; path = LoginPageView.swift; sourceTree = "<group>"; };
		D281245427C419EA000C2BC3 /* PTMono-Regular.ttf */ = {isa = PBXFileReference; lastKnownFileType = file; path = "PTMono-Regular.ttf"; sourceTree = "<group>"; };
/* End PBXFileReference section */

/* Begin PBXFrameworksBuildPhase section */
		D25795BB27B96A3E007806E6 /* Frameworks */ = {
			isa = PBXFrameworksBuildPhase;
			buildActionMask = 2147483647;
			files = (
				D24764A427BB47C10064F1FB /* FirebaseAnalytics in Frameworks */,
				D24764A627BB47C10064F1FB /* FirebaseAuth in Frameworks */,
				D25795F027B96FA6007806E6 /* MapboxMaps in Frameworks */,
			);
			runOnlyForDeploymentPostprocessing = 0;
		};
		D25795CB27B96A40007806E6 /* Frameworks */ = {
			isa = PBXFrameworksBuildPhase;
			buildActionMask = 2147483647;
			files = (
			);
			runOnlyForDeploymentPostprocessing = 0;
		};
		D25795D527B96A40007806E6 /* Frameworks */ = {
			isa = PBXFrameworksBuildPhase;
			buildActionMask = 2147483647;
			files = (
			);
			runOnlyForDeploymentPostprocessing = 0;
		};
/* End PBXFrameworksBuildPhase section */

/* Begin PBXGroup section */
		D25795B527B96A3E007806E6 = {
			isa = PBXGroup;
			children = (
				D25795C027B96A3E007806E6 /* VIPapplication */,
				D25795D127B96A40007806E6 /* VIPapplicationTests */,
				D25795DB27B96A40007806E6 /* VIPapplicationUITests */,
				D25795BF27B96A3E007806E6 /* Products */,
			);
			sourceTree = "<group>";
		};
		D25795BF27B96A3E007806E6 /* Products */ = {
			isa = PBXGroup;
			children = (
				D25795BE27B96A3E007806E6 /* VIPapplication.app */,
				D25795CE27B96A40007806E6 /* VIPapplicationTests.xctest */,
				D25795D827B96A40007806E6 /* VIPapplicationUITests.xctest */,
			);
			name = Products;
			sourceTree = "<group>";
		};
		D25795C027B96A3E007806E6 /* VIPapplication */ = {
			isa = PBXGroup;
			children = (
				460126E827C54EDC00953846 /* Info.plist */,
				460126E627C54ECF00953846 /* GoogleService-Info.plist */,
				D25795C127B96A3E007806E6 /* VIPapplicationApp.swift */,
				D281245D27C41AE6000C2BC3 /* View */,
				D25795C727B96A40007806E6 /* Preview Content */,
				D281245B27C41AB0000C2BC3 /* Fonts */,
				D25795C527B96A40007806E6 /* Assets.xcassets */,
			);
			path = VIPapplication;
			sourceTree = "<group>";
		};
		D25795C727B96A40007806E6 /* Preview Content */ = {
			isa = PBXGroup;
			children = (
				D25795C827B96A40007806E6 /* Preview Assets.xcassets */,
			);
			path = "Preview Content";
			sourceTree = "<group>";
		};
		D25795D127B96A40007806E6 /* VIPapplicationTests */ = {
			isa = PBXGroup;
			children = (
				D25795D227B96A40007806E6 /* VIPapplicationTests.swift */,
			);
			path = VIPapplicationTests;
			sourceTree = "<group>";
		};
		D25795DB27B96A40007806E6 /* VIPapplicationUITests */ = {
			isa = PBXGroup;
			children = (
				D25795DC27B96A40007806E6 /* VIPapplicationUITests.swift */,
				D25795DE27B96A41007806E6 /* VIPapplicationUITestsLaunchTests.swift */,
			);
			path = VIPapplicationUITests;
			sourceTree = "<group>";
		};
		D281245B27C41AB0000C2BC3 /* Fonts */ = {
			isa = PBXGroup;
			children = (
				460126D827C5386F00953846 /* Ramaraja-Regular.ttf */,
				D281245427C419EA000C2BC3 /* PTMono-Regular.ttf */,
			);
			path = Fonts;
			sourceTree = "<group>";
		};
		D281245D27C41AE6000C2BC3 /* View */ = {
			isa = PBXGroup;
			children = (
				D25795F327B970B0007806E6 /* SetupView.swift */,
				D25795F527B970F4007806E6 /* LoginPageView.swift */,
				D21146F727C2D7D200EDAD4D /* SignUpView.swift */,
				D21146F527C2D7C500EDAD4D /* ResetPasswordView.swift */,
				D21146F927C2F99A00EDAD4D /* HomePageView.swift */,
				D25795F127B97020007806E6 /* MapBoxMapView.swift */,
				460126D627C5378600953846 /* RequestLocationNotifView.swift */,
				460126DA27C53D6B00953846 /* RequestPushNotifView.swift */,
			);
			path = View;
			sourceTree = "<group>";
		};
/* End PBXGroup section */

/* Begin PBXNativeTarget section */
		D25795BD27B96A3E007806E6 /* VIPapplication */ = {
			isa = PBXNativeTarget;
			buildConfigurationList = D25795E227B96A41007806E6 /* Build configuration list for PBXNativeTarget "VIPapplication" */;
			buildPhases = (
				D25795BA27B96A3E007806E6 /* Sources */,
				D25795BB27B96A3E007806E6 /* Frameworks */,
				D25795BC27B96A3E007806E6 /* Resources */,
			);
			buildRules = (
			);
			dependencies = (
			);
			name = VIPapplication;
			packageProductDependencies = (
				D25795EF27B96FA6007806E6 /* MapboxMaps */,
				D24764A327BB47C10064F1FB /* FirebaseAnalytics */,
				D24764A527BB47C10064F1FB /* FirebaseAuth */,
			);
			productName = VIPapplication;
			productReference = D25795BE27B96A3E007806E6 /* VIPapplication.app */;
			productType = "com.apple.product-type.application";
		};
		D25795CD27B96A40007806E6 /* VIPapplicationTests */ = {
			isa = PBXNativeTarget;
			buildConfigurationList = D25795E527B96A41007806E6 /* Build configuration list for PBXNativeTarget "VIPapplicationTests" */;
			buildPhases = (
				D25795CA27B96A40007806E6 /* Sources */,
				D25795CB27B96A40007806E6 /* Frameworks */,
				D25795CC27B96A40007806E6 /* Resources */,
			);
			buildRules = (
			);
			dependencies = (
				D25795D027B96A40007806E6 /* PBXTargetDependency */,
			);
			name = VIPapplicationTests;
			productName = VIPapplicationTests;
			productReference = D25795CE27B96A40007806E6 /* VIPapplicationTests.xctest */;
			productType = "com.apple.product-type.bundle.unit-test";
		};
		D25795D727B96A40007806E6 /* VIPapplicationUITests */ = {
			isa = PBXNativeTarget;
			buildConfigurationList = D25795E827B96A41007806E6 /* Build configuration list for PBXNativeTarget "VIPapplicationUITests" */;
			buildPhases = (
				D25795D427B96A40007806E6 /* Sources */,
				D25795D527B96A40007806E6 /* Frameworks */,
				D25795D627B96A40007806E6 /* Resources */,
			);
			buildRules = (
			);
			dependencies = (
				D25795DA27B96A40007806E6 /* PBXTargetDependency */,
			);
			name = VIPapplicationUITests;
			productName = VIPapplicationUITests;
			productReference = D25795D827B96A40007806E6 /* VIPapplicationUITests.xctest */;
			productType = "com.apple.product-type.bundle.ui-testing";
		};
/* End PBXNativeTarget section */

/* Begin PBXProject section */
		D25795B627B96A3E007806E6 /* Project object */ = {
			isa = PBXProject;
			attributes = {
				BuildIndependentTargetsInParallel = 1;
				LastSwiftUpdateCheck = 1320;
				LastUpgradeCheck = 1320;
				TargetAttributes = {
					D25795BD27B96A3E007806E6 = {
						CreatedOnToolsVersion = 13.2.1;
					};
					D25795CD27B96A40007806E6 = {
						CreatedOnToolsVersion = 13.2.1;
						TestTargetID = D25795BD27B96A3E007806E6;
					};
					D25795D727B96A40007806E6 = {
						CreatedOnToolsVersion = 13.2.1;
						TestTargetID = D25795BD27B96A3E007806E6;
					};
				};
			};
			buildConfigurationList = D25795B927B96A3E007806E6 /* Build configuration list for PBXProject "VIPapplication" */;
			compatibilityVersion = "Xcode 13.0";
			developmentRegion = en;
			hasScannedForEncodings = 0;
			knownRegions = (
				en,
				Base,
			);
			mainGroup = D25795B527B96A3E007806E6;
			packageReferences = (
				D25795EE27B96FA6007806E6 /* XCRemoteSwiftPackageReference "mapbox-maps-ios" */,
				D24764A227BB47C10064F1FB /* XCRemoteSwiftPackageReference "firebase-ios-sdk" */,
			);
			productRefGroup = D25795BF27B96A3E007806E6 /* Products */;
			projectDirPath = "";
			projectRoot = "";
			targets = (
				D25795BD27B96A3E007806E6 /* VIPapplication */,
				D25795CD27B96A40007806E6 /* VIPapplicationTests */,
				D25795D727B96A40007806E6 /* VIPapplicationUITests */,
			);
		};
/* End PBXProject section */

/* Begin PBXResourcesBuildPhase section */
		D25795BC27B96A3E007806E6 /* Resources */ = {
			isa = PBXResourcesBuildPhase;
			buildActionMask = 2147483647;
			files = (
				D25795C927B96A40007806E6 /* Preview Assets.xcassets in Resources */,
				D281245527C419EA000C2BC3 /* PTMono-Regular.ttf in Resources */,
				460126E727C54ED000953846 /* GoogleService-Info.plist in Resources */,
				D25795C627B96A40007806E6 /* Assets.xcassets in Resources */,
				460126D927C5386F00953846 /* Ramaraja-Regular.ttf in Resources */,
			);
			runOnlyForDeploymentPostprocessing = 0;
		};
		D25795CC27B96A40007806E6 /* Resources */ = {
			isa = PBXResourcesBuildPhase;
			buildActionMask = 2147483647;
			files = (
			);
			runOnlyForDeploymentPostprocessing = 0;
		};
		D25795D627B96A40007806E6 /* Resources */ = {
			isa = PBXResourcesBuildPhase;
			buildActionMask = 2147483647;
			files = (
			);
			runOnlyForDeploymentPostprocessing = 0;
		};
/* End PBXResourcesBuildPhase section */

/* Begin PBXSourcesBuildPhase section */
		D25795BA27B96A3E007806E6 /* Sources */ = {
			isa = PBXSourcesBuildPhase;
			buildActionMask = 2147483647;
			files = (
				460126DB27C53D6B00953846 /* RequestPushNotifView.swift in Sources */,
				D25795C227B96A3E007806E6 /* VIPapplicationApp.swift in Sources */,
				D25795F427B970B0007806E6 /* SetupView.swift in Sources */,
				D25795F627B970F4007806E6 /* LoginPageView.swift in Sources */,
				D21146F827C2D7D200EDAD4D /* SignUpView.swift in Sources */,
				D21146F627C2D7C500EDAD4D /* ResetPasswordView.swift in Sources */,
				D21146FA27C2F99A00EDAD4D /* HomePageView.swift in Sources */,
				D25795F227B97020007806E6 /* MapBoxMapView.swift in Sources */,
				460126D727C5378600953846 /* RequestLocationNotifView.swift in Sources */,
			);
			runOnlyForDeploymentPostprocessing = 0;
		};
		D25795CA27B96A40007806E6 /* Sources */ = {
			isa = PBXSourcesBuildPhase;
			buildActionMask = 2147483647;
			files = (
				D25795D327B96A40007806E6 /* VIPapplicationTests.swift in Sources */,
			);
			runOnlyForDeploymentPostprocessing = 0;
		};
		D25795D427B96A40007806E6 /* Sources */ = {
			isa = PBXSourcesBuildPhase;
			buildActionMask = 2147483647;
			files = (
				D25795DD27B96A40007806E6 /* VIPapplicationUITests.swift in Sources */,
				D25795DF27B96A41007806E6 /* VIPapplicationUITestsLaunchTests.swift in Sources */,
			);
			runOnlyForDeploymentPostprocessing = 0;
		};
/* End PBXSourcesBuildPhase section */

/* Begin PBXTargetDependency section */
		D25795D027B96A40007806E6 /* PBXTargetDependency */ = {
			isa = PBXTargetDependency;
			target = D25795BD27B96A3E007806E6 /* VIPapplication */;
			targetProxy = D25795CF27B96A40007806E6 /* PBXContainerItemProxy */;
		};
		D25795DA27B96A40007806E6 /* PBXTargetDependency */ = {
			isa = PBXTargetDependency;
			target = D25795BD27B96A3E007806E6 /* VIPapplication */;
			targetProxy = D25795D927B96A40007806E6 /* PBXContainerItemProxy */;
		};
/* End PBXTargetDependency section */

/* Begin XCBuildConfiguration section */
		D25795E027B96A41007806E6 /* Debug */ = {
			isa = XCBuildConfiguration;
			buildSettings = {
				ALWAYS_SEARCH_USER_PATHS = NO;
				CLANG_ANALYZER_NONNULL = YES;
				CLANG_ANALYZER_NUMBER_OBJECT_CONVERSION = YES_AGGRESSIVE;
				CLANG_CXX_LANGUAGE_STANDARD = "gnu++17";
				CLANG_CXX_LIBRARY = "libc++";
				CLANG_ENABLE_MODULES = YES;
				CLANG_ENABLE_OBJC_ARC = YES;
				CLANG_ENABLE_OBJC_WEAK = YES;
				CLANG_WARN_BLOCK_CAPTURE_AUTORELEASING = YES;
				CLANG_WARN_BOOL_CONVERSION = YES;
				CLANG_WARN_COMMA = YES;
				CLANG_WARN_CONSTANT_CONVERSION = YES;
				CLANG_WARN_DEPRECATED_OBJC_IMPLEMENTATIONS = YES;
				CLANG_WARN_DIRECT_OBJC_ISA_USAGE = YES_ERROR;
				CLANG_WARN_DOCUMENTATION_COMMENTS = YES;
				CLANG_WARN_EMPTY_BODY = YES;
				CLANG_WARN_ENUM_CONVERSION = YES;
				CLANG_WARN_INFINITE_RECURSION = YES;
				CLANG_WARN_INT_CONVERSION = YES;
				CLANG_WARN_NON_LITERAL_NULL_CONVERSION = YES;
				CLANG_WARN_OBJC_IMPLICIT_RETAIN_SELF = YES;
				CLANG_WARN_OBJC_LITERAL_CONVERSION = YES;
				CLANG_WARN_OBJC_ROOT_CLASS = YES_ERROR;
				CLANG_WARN_QUOTED_INCLUDE_IN_FRAMEWORK_HEADER = YES;
				CLANG_WARN_RANGE_LOOP_ANALYSIS = YES;
				CLANG_WARN_STRICT_PROTOTYPES = YES;
				CLANG_WARN_SUSPICIOUS_MOVE = YES;
				CLANG_WARN_UNGUARDED_AVAILABILITY = YES_AGGRESSIVE;
				CLANG_WARN_UNREACHABLE_CODE = YES;
				CLANG_WARN__DUPLICATE_METHOD_MATCH = YES;
				COPY_PHASE_STRIP = NO;
				DEBUG_INFORMATION_FORMAT = dwarf;
				ENABLE_STRICT_OBJC_MSGSEND = YES;
				ENABLE_TESTABILITY = YES;
				GCC_C_LANGUAGE_STANDARD = gnu11;
				GCC_DYNAMIC_NO_PIC = NO;
				GCC_NO_COMMON_BLOCKS = YES;
				GCC_OPTIMIZATION_LEVEL = 0;
				GCC_PREPROCESSOR_DEFINITIONS = (
					"DEBUG=1",
					"$(inherited)",
				);
				GCC_WARN_64_TO_32_BIT_CONVERSION = YES;
				GCC_WARN_ABOUT_RETURN_TYPE = YES_ERROR;
				GCC_WARN_UNDECLARED_SELECTOR = YES;
				GCC_WARN_UNINITIALIZED_AUTOS = YES_AGGRESSIVE;
				GCC_WARN_UNUSED_FUNCTION = YES;
				GCC_WARN_UNUSED_VARIABLE = YES;
				IPHONEOS_DEPLOYMENT_TARGET = 15.2;
				MTL_ENABLE_DEBUG_INFO = INCLUDE_SOURCE;
				MTL_FAST_MATH = YES;
				ONLY_ACTIVE_ARCH = YES;
				SDKROOT = iphoneos;
				SWIFT_ACTIVE_COMPILATION_CONDITIONS = DEBUG;
				SWIFT_OPTIMIZATION_LEVEL = "-Onone";
			};
			name = Debug;
		};
		D25795E127B96A41007806E6 /* Release */ = {
			isa = XCBuildConfiguration;
			buildSettings = {
				ALWAYS_SEARCH_USER_PATHS = NO;
				CLANG_ANALYZER_NONNULL = YES;
				CLANG_ANALYZER_NUMBER_OBJECT_CONVERSION = YES_AGGRESSIVE;
				CLANG_CXX_LANGUAGE_STANDARD = "gnu++17";
				CLANG_CXX_LIBRARY = "libc++";
				CLANG_ENABLE_MODULES = YES;
				CLANG_ENABLE_OBJC_ARC = YES;
				CLANG_ENABLE_OBJC_WEAK = YES;
				CLANG_WARN_BLOCK_CAPTURE_AUTORELEASING = YES;
				CLANG_WARN_BOOL_CONVERSION = YES;
				CLANG_WARN_COMMA = YES;
				CLANG_WARN_CONSTANT_CONVERSION = YES;
				CLANG_WARN_DEPRECATED_OBJC_IMPLEMENTATIONS = YES;
				CLANG_WARN_DIRECT_OBJC_ISA_USAGE = YES_ERROR;
				CLANG_WARN_DOCUMENTATION_COMMENTS = YES;
				CLANG_WARN_EMPTY_BODY = YES;
				CLANG_WARN_ENUM_CONVERSION = YES;
				CLANG_WARN_INFINITE_RECURSION = YES;
				CLANG_WARN_INT_CONVERSION = YES;
				CLANG_WARN_NON_LITERAL_NULL_CONVERSION = YES;
				CLANG_WARN_OBJC_IMPLICIT_RETAIN_SELF = YES;
				CLANG_WARN_OBJC_LITERAL_CONVERSION = YES;
				CLANG_WARN_OBJC_ROOT_CLASS = YES_ERROR;
				CLANG_WARN_QUOTED_INCLUDE_IN_FRAMEWORK_HEADER = YES;
				CLANG_WARN_RANGE_LOOP_ANALYSIS = YES;
				CLANG_WARN_STRICT_PROTOTYPES = YES;
				CLANG_WARN_SUSPICIOUS_MOVE = YES;
				CLANG_WARN_UNGUARDED_AVAILABILITY = YES_AGGRESSIVE;
				CLANG_WARN_UNREACHABLE_CODE = YES;
				CLANG_WARN__DUPLICATE_METHOD_MATCH = YES;
				COPY_PHASE_STRIP = NO;
				DEBUG_INFORMATION_FORMAT = "dwarf-with-dsym";
				ENABLE_NS_ASSERTIONS = NO;
				ENABLE_STRICT_OBJC_MSGSEND = YES;
				GCC_C_LANGUAGE_STANDARD = gnu11;
				GCC_NO_COMMON_BLOCKS = YES;
				GCC_WARN_64_TO_32_BIT_CONVERSION = YES;
				GCC_WARN_ABOUT_RETURN_TYPE = YES_ERROR;
				GCC_WARN_UNDECLARED_SELECTOR = YES;
				GCC_WARN_UNINITIALIZED_AUTOS = YES_AGGRESSIVE;
				GCC_WARN_UNUSED_FUNCTION = YES;
				GCC_WARN_UNUSED_VARIABLE = YES;
				IPHONEOS_DEPLOYMENT_TARGET = 15.2;
				MTL_ENABLE_DEBUG_INFO = NO;
				MTL_FAST_MATH = YES;
				SDKROOT = iphoneos;
				SWIFT_COMPILATION_MODE = wholemodule;
				SWIFT_OPTIMIZATION_LEVEL = "-O";
				VALIDATE_PRODUCT = YES;
			};
			name = Release;
		};
		D25795E327B96A41007806E6 /* Debug */ = {
			isa = XCBuildConfiguration;
			buildSettings = {
				ASSETCATALOG_COMPILER_APPICON_NAME = AppIcon;
				ASSETCATALOG_COMPILER_GLOBAL_ACCENT_COLOR_NAME = AccentColor;
				CODE_SIGN_STYLE = Automatic;
				CURRENT_PROJECT_VERSION = 1;
				DEVELOPMENT_ASSET_PATHS = "\"VIPapplication/Preview Content\"";
				ENABLE_PREVIEWS = YES;
				GENERATE_INFOPLIST_FILE = YES;
				INFOPLIST_FILE = VIPapplication/Info.plist;
				INFOPLIST_KEY_UIApplicationSceneManifest_Generation = YES;
				INFOPLIST_KEY_UIApplicationSupportsIndirectInputEvents = YES;
				INFOPLIST_KEY_UILaunchScreen_Generation = YES;
				INFOPLIST_KEY_UISupportedInterfaceOrientations_iPad = "UIInterfaceOrientationPortrait UIInterfaceOrientationPortraitUpsideDown UIInterfaceOrientationLandscapeLeft UIInterfaceOrientationLandscapeRight";
				INFOPLIST_KEY_UISupportedInterfaceOrientations_iPhone = "UIInterfaceOrientationPortrait UIInterfaceOrientationLandscapeLeft UIInterfaceOrientationLandscapeRight";
				LD_RUNPATH_SEARCH_PATHS = (
					"$(inherited)",
					"@executable_path/Frameworks",
				);
				MARKETING_VERSION = 1.0;
				PRODUCT_BUNDLE_IDENTIFIER = com.braedenmeikle.VIPapplication;
				PRODUCT_NAME = "$(TARGET_NAME)";
				SWIFT_EMIT_LOC_STRINGS = YES;
				SWIFT_VERSION = 5.0;
				TARGETED_DEVICE_FAMILY = "1,2";
			};
			name = Debug;
		};
		D25795E427B96A41007806E6 /* Release */ = {
			isa = XCBuildConfiguration;
			buildSettings = {
				ASSETCATALOG_COMPILER_APPICON_NAME = AppIcon;
				ASSETCATALOG_COMPILER_GLOBAL_ACCENT_COLOR_NAME = AccentColor;
				CODE_SIGN_STYLE = Automatic;
				CURRENT_PROJECT_VERSION = 1;
				DEVELOPMENT_ASSET_PATHS = "\"VIPapplication/Preview Content\"";
				ENABLE_PREVIEWS = YES;
				GENERATE_INFOPLIST_FILE = YES;
				INFOPLIST_FILE = VIPapplication/Info.plist;
				INFOPLIST_KEY_UIApplicationSceneManifest_Generation = YES;
				INFOPLIST_KEY_UIApplicationSupportsIndirectInputEvents = YES;
				INFOPLIST_KEY_UILaunchScreen_Generation = YES;
				INFOPLIST_KEY_UISupportedInterfaceOrientations_iPad = "UIInterfaceOrientationPortrait UIInterfaceOrientationPortraitUpsideDown UIInterfaceOrientationLandscapeLeft UIInterfaceOrientationLandscapeRight";
				INFOPLIST_KEY_UISupportedInterfaceOrientations_iPhone = "UIInterfaceOrientationPortrait UIInterfaceOrientationLandscapeLeft UIInterfaceOrientationLandscapeRight";
				LD_RUNPATH_SEARCH_PATHS = (
					"$(inherited)",
					"@executable_path/Frameworks",
				);
				MARKETING_VERSION = 1.0;
				PRODUCT_BUNDLE_IDENTIFIER = com.braedenmeikle.VIPapplication;
				PRODUCT_NAME = "$(TARGET_NAME)";
				SWIFT_EMIT_LOC_STRINGS = YES;
				SWIFT_VERSION = 5.0;
				TARGETED_DEVICE_FAMILY = "1,2";
			};
			name = Release;
		};
		D25795E627B96A41007806E6 /* Debug */ = {
			isa = XCBuildConfiguration;
			buildSettings = {
				ALWAYS_EMBED_SWIFT_STANDARD_LIBRARIES = YES;
				BUNDLE_LOADER = "$(TEST_HOST)";
				CODE_SIGN_STYLE = Automatic;
				CURRENT_PROJECT_VERSION = 1;
				GENERATE_INFOPLIST_FILE = YES;
				IPHONEOS_DEPLOYMENT_TARGET = 15.2;
				MARKETING_VERSION = 1.0;
				PRODUCT_BUNDLE_IDENTIFIER = com.braedenmeikle.VIPapplicationTests;
				PRODUCT_NAME = "$(TARGET_NAME)";
				SWIFT_EMIT_LOC_STRINGS = NO;
				SWIFT_VERSION = 5.0;
				TARGETED_DEVICE_FAMILY = "1,2";
				TEST_HOST = "$(BUILT_PRODUCTS_DIR)/VIPapplication.app/VIPapplication";
			};
			name = Debug;
		};
		D25795E727B96A41007806E6 /* Release */ = {
			isa = XCBuildConfiguration;
			buildSettings = {
				ALWAYS_EMBED_SWIFT_STANDARD_LIBRARIES = YES;
				BUNDLE_LOADER = "$(TEST_HOST)";
				CODE_SIGN_STYLE = Automatic;
				CURRENT_PROJECT_VERSION = 1;
				GENERATE_INFOPLIST_FILE = YES;
				IPHONEOS_DEPLOYMENT_TARGET = 15.2;
				MARKETING_VERSION = 1.0;
				PRODUCT_BUNDLE_IDENTIFIER = com.braedenmeikle.VIPapplicationTests;
				PRODUCT_NAME = "$(TARGET_NAME)";
				SWIFT_EMIT_LOC_STRINGS = NO;
				SWIFT_VERSION = 5.0;
				TARGETED_DEVICE_FAMILY = "1,2";
				TEST_HOST = "$(BUILT_PRODUCTS_DIR)/VIPapplication.app/VIPapplication";
			};
			name = Release;
		};
		D25795E927B96A41007806E6 /* Debug */ = {
			isa = XCBuildConfiguration;
			buildSettings = {
				ALWAYS_EMBED_SWIFT_STANDARD_LIBRARIES = YES;
				CODE_SIGN_STYLE = Automatic;
				CURRENT_PROJECT_VERSION = 1;
				GENERATE_INFOPLIST_FILE = YES;
				MARKETING_VERSION = 1.0;
				PRODUCT_BUNDLE_IDENTIFIER = com.braedenmeikle.VIPapplicationUITests;
				PRODUCT_NAME = "$(TARGET_NAME)";
				SWIFT_EMIT_LOC_STRINGS = NO;
				SWIFT_VERSION = 5.0;
				TARGETED_DEVICE_FAMILY = "1,2";
				TEST_TARGET_NAME = VIPapplication;
			};
			name = Debug;
		};
		D25795EA27B96A41007806E6 /* Release */ = {
			isa = XCBuildConfiguration;
			buildSettings = {
				ALWAYS_EMBED_SWIFT_STANDARD_LIBRARIES = YES;
				CODE_SIGN_STYLE = Automatic;
				CURRENT_PROJECT_VERSION = 1;
				GENERATE_INFOPLIST_FILE = YES;
				MARKETING_VERSION = 1.0;
				PRODUCT_BUNDLE_IDENTIFIER = com.braedenmeikle.VIPapplicationUITests;
				PRODUCT_NAME = "$(TARGET_NAME)";
				SWIFT_EMIT_LOC_STRINGS = NO;
				SWIFT_VERSION = 5.0;
				TARGETED_DEVICE_FAMILY = "1,2";
				TEST_TARGET_NAME = VIPapplication;
			};
			name = Release;
		};
/* End XCBuildConfiguration section */

/* Begin XCConfigurationList section */
		D25795B927B96A3E007806E6 /* Build configuration list for PBXProject "VIPapplication" */ = {
			isa = XCConfigurationList;
			buildConfigurations = (
				D25795E027B96A41007806E6 /* Debug */,
				D25795E127B96A41007806E6 /* Release */,
			);
			defaultConfigurationIsVisible = 0;
			defaultConfigurationName = Release;
		};
		D25795E227B96A41007806E6 /* Build configuration list for PBXNativeTarget "VIPapplication" */ = {
			isa = XCConfigurationList;
			buildConfigurations = (
				D25795E327B96A41007806E6 /* Debug */,
				D25795E427B96A41007806E6 /* Release */,
			);
			defaultConfigurationIsVisible = 0;
			defaultConfigurationName = Release;
		};
		D25795E527B96A41007806E6 /* Build configuration list for PBXNativeTarget "VIPapplicationTests" */ = {
			isa = XCConfigurationList;
			buildConfigurations = (
				D25795E627B96A41007806E6 /* Debug */,
				D25795E727B96A41007806E6 /* Release */,
			);
			defaultConfigurationIsVisible = 0;
			defaultConfigurationName = Release;
		};
		D25795E827B96A41007806E6 /* Build configuration list for PBXNativeTarget "VIPapplicationUITests" */ = {
			isa = XCConfigurationList;
			buildConfigurations = (
				D25795E927B96A41007806E6 /* Debug */,
				D25795EA27B96A41007806E6 /* Release */,
			);
			defaultConfigurationIsVisible = 0;
			defaultConfigurationName = Release;
		};
/* End XCConfigurationList section */

/* Begin XCRemoteSwiftPackageReference section */
		D24764A227BB47C10064F1FB /* XCRemoteSwiftPackageReference "firebase-ios-sdk" */ = {
			isa = XCRemoteSwiftPackageReference;
			repositoryURL = "https://github.com/firebase/firebase-ios-sdk";
			requirement = {
				kind = upToNextMajorVersion;
				minimumVersion = 8.0.0;
			};
		};
		D25795EE27B96FA6007806E6 /* XCRemoteSwiftPackageReference "mapbox-maps-ios" */ = {
			isa = XCRemoteSwiftPackageReference;
			repositoryURL = "https://github.com/mapbox/mapbox-maps-ios.git";
			requirement = {
				kind = upToNextMajorVersion;
				minimumVersion = 10.2.0;
			};
		};
/* End XCRemoteSwiftPackageReference section */

/* Begin XCSwiftPackageProductDependency section */
		D24764A327BB47C10064F1FB /* FirebaseAnalytics */ = {
			isa = XCSwiftPackageProductDependency;
			package = D24764A227BB47C10064F1FB /* XCRemoteSwiftPackageReference "firebase-ios-sdk" */;
			productName = FirebaseAnalytics;
		};
		D24764A527BB47C10064F1FB /* FirebaseAuth */ = {
			isa = XCSwiftPackageProductDependency;
			package = D24764A227BB47C10064F1FB /* XCRemoteSwiftPackageReference "firebase-ios-sdk" */;
			productName = FirebaseAuth;
		};
		D25795EF27B96FA6007806E6 /* MapboxMaps */ = {
			isa = XCSwiftPackageProductDependency;
			package = D25795EE27B96FA6007806E6 /* XCRemoteSwiftPackageReference "mapbox-maps-ios" */;
			productName = MapboxMaps;
		};
/* End XCSwiftPackageProductDependency section */
	};
	rootObject = D25795B627B96A3E007806E6 /* Project object */;
}
